{
  "version": 4,
  "terraform_version": "1.3.6",
  "serial": 11,
  "lineage": "4c41861c-fb11-b50b-46df-4adf42538765",
  "outputs": {
    "external_ip_address_manager": {
      "value": [
        [
          "158.160.44.26"
        ]
      ],
      "type": [
        "tuple",
        [
          [
            "tuple",
            [
              "string"
            ]
          ]
        ]
      ]
    },
    "external_ip_address_worker": {
      "value": [
        [
          "158.160.46.164",
          "158.160.43.175"
        ]
      ],
      "type": [
        "tuple",
        [
          [
            "tuple",
            [
              "string",
              "string"
            ]
          ]
        ]
      ]
    }
  },
  "resources": [
    {
      "mode": "managed",
      "type": "yandex_vpc_network",
      "name": "network",
      "provider": "provider[\"registry.terraform.io/yandex-cloud/yandex\"]",
      "instances": [
        {
          "schema_version": 0,
          "attributes": {
            "created_at": "2022-12-08T10:26:50Z",
            "default_security_group_id": "",
            "description": "",
            "folder_id": "b1gfofr9ejtjardiq3j0",
            "id": "enp9c2l48c3gh7119ln9",
            "labels": {},
            "name": "swarm-network",
            "subnet_ids": [],
            "timeouts": null
          },
          "sensitive_attributes": [],
          "private": "eyJlMmJmYjczMC1lY2FhLTExZTYtOGY4OC0zNDM2M2JjN2M0YzAiOnsiY3JlYXRlIjo2MDAwMDAwMDAwMCwiZGVsZXRlIjo2MDAwMDAwMDAwMCwidXBkYXRlIjo2MDAwMDAwMDAwMH19"
        }
      ]
    },
    {
      "mode": "managed",
      "type": "yandex_vpc_subnet",
      "name": "subnet",
      "provider": "provider[\"registry.terraform.io/yandex-cloud/yandex\"]",
      "instances": [
        {
          "schema_version": 0,
          "attributes": {
            "created_at": "2022-12-08T10:26:52Z",
            "description": "",
            "dhcp_options": [],
            "folder_id": "b1gfofr9ejtjardiq3j0",
            "id": "e9b07k88kpvoq72jpos9",
            "labels": {},
            "name": "subnet1",
            "network_id": "enp9c2l48c3gh7119ln9",
            "route_table_id": "",
            "timeouts": null,
            "v4_cidr_blocks": [
              "192.168.10.0/24"
            ],
            "v6_cidr_blocks": [],
            "zone": "ru-central1-a"
          },
          "sensitive_attributes": [],
          "private": "eyJlMmJmYjczMC1lY2FhLTExZTYtOGY4OC0zNDM2M2JjN2M0YzAiOnsiY3JlYXRlIjoxODAwMDAwMDAwMDAsImRlbGV0ZSI6MTgwMDAwMDAwMDAwLCJ1cGRhdGUiOjE4MDAwMDAwMDAwMH19",
          "dependencies": [
            "yandex_vpc_network.network"
          ]
        }
      ]
    },
    {
      "module": "module.swarm_cluster",
      "mode": "data",
      "type": "yandex_compute_image",
      "name": "my_image",
      "provider": "provider[\"registry.terraform.io/yandex-cloud/yandex\"]",
      "instances": [
        {
          "schema_version": 0,
          "attributes": {
            "created_at": "2022-11-28T10:49:58Z",
            "description": "ubuntu 20.04 lts",
            "family": "ubuntu-2004-lts",
            "folder_id": "standard-images",
            "id": "fd8k5kam36qhmnojj8je",
            "image_id": "fd8k5kam36qhmnojj8je",
            "labels": {},
            "min_disk_size": 5,
            "name": "ubuntu-20-04-lts-v20221128",
            "os_type": "linux",
            "pooled": true,
            "product_ids": [
              "f2e2iftkahobollt78bv"
            ],
            "size": 4,
            "status": "ready"
          },
          "sensitive_attributes": []
        }
      ]
    },
    {
      "module": "module.swarm_cluster",
      "mode": "managed",
      "type": "null_resource",
      "name": "docker-swarm-manager",
      "provider": "provider[\"registry.terraform.io/hashicorp/null\"]",
      "instances": [
        {
          "index_key": 0,
          "schema_version": 0,
          "attributes": {
            "id": "5225366328195086588",
            "triggers": null
          },
          "sensitive_attributes": [],
          "dependencies": [
            "module.swarm_cluster.data.yandex_compute_image.my_image",
            "module.swarm_cluster.yandex_compute_instance.vm-manager",
            "yandex_vpc_network.network",
            "yandex_vpc_subnet.subnet"
          ]
        }
      ]
    },
    {
      "module": "module.swarm_cluster",
      "mode": "managed",
      "type": "null_resource",
      "name": "docker-swarm-manager-join",
      "provider": "provider[\"registry.terraform.io/hashicorp/null\"]",
      "instances": [
        {
          "index_key": 0,
          "schema_version": 0,
          "attributes": {
            "id": "8849220211507210959",
            "triggers": null
          },
          "sensitive_attributes": [],
          "dependencies": [
            "module.swarm_cluster.data.yandex_compute_image.my_image",
            "module.swarm_cluster.null_resource.docker-swarm-manager",
            "module.swarm_cluster.yandex_compute_instance.vm-manager",
            "yandex_vpc_network.network",
            "yandex_vpc_subnet.subnet"
          ]
        }
      ]
    },
    {
      "module": "module.swarm_cluster",
      "mode": "managed",
      "type": "null_resource",
      "name": "docker-swarm-manager-start",
      "provider": "provider[\"registry.terraform.io/hashicorp/null\"]",
      "instances": [
        {
          "schema_version": 0,
          "attributes": {
            "id": "4278804716683478310",
            "triggers": null
          },
          "sensitive_attributes": [],
          "dependencies": [
            "module.swarm_cluster.data.yandex_compute_image.my_image",
            "module.swarm_cluster.null_resource.docker-swarm-manager",
            "module.swarm_cluster.null_resource.docker-swarm-manager-join",
            "module.swarm_cluster.yandex_compute_instance.vm-manager",
            "yandex_vpc_network.network",
            "yandex_vpc_subnet.subnet"
          ]
        }
      ]
    },
    {
      "module": "module.swarm_cluster",
      "mode": "managed",
      "type": "null_resource",
      "name": "docker-swarm-worker",
      "provider": "provider[\"registry.terraform.io/hashicorp/null\"]",
      "instances": [
        {
          "index_key": 0,
          "schema_version": 0,
          "attributes": {
            "id": "861425379588971772",
            "triggers": null
          },
          "sensitive_attributes": [],
          "dependencies": [
            "module.swarm_cluster.data.yandex_compute_image.my_image",
            "module.swarm_cluster.null_resource.docker-swarm-manager",
            "module.swarm_cluster.null_resource.docker-swarm-manager-join",
            "module.swarm_cluster.yandex_compute_instance.vm-manager",
            "module.swarm_cluster.yandex_compute_instance.vm-worker",
            "yandex_vpc_network.network",
            "yandex_vpc_subnet.subnet"
          ]
        },
        {
          "index_key": 1,
          "schema_version": 0,
          "attributes": {
            "id": "5850519713724827225",
            "triggers": null
          },
          "sensitive_attributes": [],
          "dependencies": [
            "module.swarm_cluster.data.yandex_compute_image.my_image",
            "module.swarm_cluster.null_resource.docker-swarm-manager",
            "module.swarm_cluster.null_resource.docker-swarm-manager-join",
            "module.swarm_cluster.yandex_compute_instance.vm-manager",
            "module.swarm_cluster.yandex_compute_instance.vm-worker",
            "yandex_vpc_network.network",
            "yandex_vpc_subnet.subnet"
          ]
        }
      ]
    },
    {
      "module": "module.swarm_cluster",
      "mode": "managed",
      "type": "yandex_compute_instance",
      "name": "vm-manager",
      "provider": "provider[\"registry.terraform.io/yandex-cloud/yandex\"]",
      "instances": [
        {
          "index_key": 0,
          "schema_version": 1,
          "attributes": {
            "allow_recreate": null,
            "allow_stopping_for_update": null,
            "boot_disk": [
              {
                "auto_delete": true,
                "device_name": "fhmp4jlgb9slp7evuuus",
                "disk_id": "fhmp4jlgb9slp7evuuus",
                "initialize_params": [
                  {
                    "block_size": 4096,
                    "description": "",
                    "image_id": "fd8k5kam36qhmnojj8je",
                    "name": "",
                    "size": 15,
                    "snapshot_id": "",
                    "type": "network-hdd"
                  }
                ],
                "mode": "READ_WRITE"
              }
            ],
            "created_at": "2022-12-08T10:26:53Z",
            "description": "",
            "folder_id": "b1gfofr9ejtjardiq3j0",
            "fqdn": "manager-0.ru-central1.internal",
            "hostname": "manager-0",
            "id": "fhmt23j3n0e8eivlfove",
            "labels": null,
            "local_disk": [],
            "metadata": {
              "ssh-keys": "ubuntu:ssh-rsa AAAAB3NzaC1yc2EAAAADAQABAAACAQCtf30a/H0pDeblmjuhNLDekmf/1iLKZuQX6q6a/oo5phoqDFrlCNpN76j6ZpJmY1lD0KGTHdd7XNcXyi0cBJHfBMzkw74LQH6bDoUFsxr9oU8vsGZ2wracSQ4sNjO+zmUhDCF6j4Fy8lxPerDSau/ios/M6Zg9ZOrVWBXscsc0g4eZMBTkkl5fEeLeoocLUBQLQd1NDRQHDx3QnQ4GOz/WRCUNf1kp9h9DHQujf1B0uFTaMEYQ6MUtZw4ddxFCzDxmtuRKG2ipvOD7X8YQNsdkXaC5xRhSBtHTaNNmyfKE9/q2g2P0nzX6EOVxUpUKMnpkexR/Js/P3BP556Le/F8yXl8jvTWym1aq9mjXjBQ90VMYYrEFaeOl97hFolqQrW+HGSSay2antC4xUJGWjPbzwsfmkug8tIe5MZYyDy4aJLOaDXN4pI3ksva/KPKxx8dQMnXSCGty5lzTuUjIZLmdQNQwcdOkYnYoneYzGsZ+zZmNtxCbrQhVeOJfWC+Rx4HXOhZrxNVp9DBXEJVRZ3BNIZYzlA3uo/TnWScZm6eM4gw6TNiWbibjeGEYbAIstOT1Ihk3MlcQqgGZ7u/eKXZIeJqyCe1lNwTX5HF+ZXx8Tbxa+s42VCEWu2S7ZFQj7b7Gt5Ob2rbwxzfqPMbQW4oZPllBJAqf7HrekdaFwKnBUQ== eugene_isaev@MacBook-Air-Evgenij.local\n"
            },
            "name": "ci-sockshop-docker-swarm-manager-0",
            "network_acceleration_type": "standard",
            "network_interface": [
              {
                "dns_record": [],
                "index": 0,
                "ip_address": "192.168.10.22",
                "ipv4": true,
                "ipv6": false,
                "ipv6_address": "",
                "ipv6_dns_record": [],
                "mac_address": "d0:0d:1d:10:e6:3b",
                "nat": true,
                "nat_dns_record": [],
                "nat_ip_address": "158.160.44.26",
                "nat_ip_version": "IPV4",
                "security_group_ids": [],
                "subnet_id": "e9b07k88kpvoq72jpos9"
              }
            ],
            "placement_policy": [
              {
                "host_affinity_rules": [],
                "placement_group_id": ""
              }
            ],
            "platform_id": "standard-v1",
            "resources": [
              {
                "core_fraction": 100,
                "cores": 2,
                "gpus": 0,
                "memory": 2
              }
            ],
            "scheduling_policy": [
              {
                "preemptible": false
              }
            ],
            "secondary_disk": [],
            "service_account_id": "",
            "status": "running",
            "timeouts": null,
            "zone": "ru-central1-a"
          },
          "sensitive_attributes": [],
          "private": "eyJlMmJmYjczMC1lY2FhLTExZTYtOGY4OC0zNDM2M2JjN2M0YzAiOnsiY3JlYXRlIjozMDAwMDAwMDAwMDAsImRlbGV0ZSI6MzAwMDAwMDAwMDAwLCJ1cGRhdGUiOjMwMDAwMDAwMDAwMH0sInNjaGVtYV92ZXJzaW9uIjoiMSJ9",
          "dependencies": [
            "module.swarm_cluster.data.yandex_compute_image.my_image",
            "yandex_vpc_network.network",
            "yandex_vpc_subnet.subnet"
          ]
        }
      ]
    },
    {
      "module": "module.swarm_cluster",
      "mode": "managed",
      "type": "yandex_compute_instance",
      "name": "vm-worker",
      "provider": "provider[\"registry.terraform.io/yandex-cloud/yandex\"]",
      "instances": [
        {
          "index_key": 0,
          "schema_version": 1,
          "attributes": {
            "allow_recreate": null,
            "allow_stopping_for_update": null,
            "boot_disk": [
              {
                "auto_delete": true,
                "device_name": "fhmri87h7r4dmkhq0pcb",
                "disk_id": "fhmri87h7r4dmkhq0pcb",
                "initialize_params": [
                  {
                    "block_size": 4096,
                    "description": "",
                    "image_id": "fd8k5kam36qhmnojj8je",
                    "name": "",
                    "size": 15,
                    "snapshot_id": "",
                    "type": "network-hdd"
                  }
                ],
                "mode": "READ_WRITE"
              }
            ],
            "created_at": "2022-12-08T10:26:53Z",
            "description": "",
            "folder_id": "b1gfofr9ejtjardiq3j0",
            "fqdn": "worker-0.ru-central1.internal",
            "hostname": "worker-0",
            "id": "fhma9g7696ud3lvrecbe",
            "labels": null,
            "local_disk": [],
            "metadata": {
              "ssh-keys": "ubuntu:ssh-rsa AAAAB3NzaC1yc2EAAAADAQABAAACAQCtf30a/H0pDeblmjuhNLDekmf/1iLKZuQX6q6a/oo5phoqDFrlCNpN76j6ZpJmY1lD0KGTHdd7XNcXyi0cBJHfBMzkw74LQH6bDoUFsxr9oU8vsGZ2wracSQ4sNjO+zmUhDCF6j4Fy8lxPerDSau/ios/M6Zg9ZOrVWBXscsc0g4eZMBTkkl5fEeLeoocLUBQLQd1NDRQHDx3QnQ4GOz/WRCUNf1kp9h9DHQujf1B0uFTaMEYQ6MUtZw4ddxFCzDxmtuRKG2ipvOD7X8YQNsdkXaC5xRhSBtHTaNNmyfKE9/q2g2P0nzX6EOVxUpUKMnpkexR/Js/P3BP556Le/F8yXl8jvTWym1aq9mjXjBQ90VMYYrEFaeOl97hFolqQrW+HGSSay2antC4xUJGWjPbzwsfmkug8tIe5MZYyDy4aJLOaDXN4pI3ksva/KPKxx8dQMnXSCGty5lzTuUjIZLmdQNQwcdOkYnYoneYzGsZ+zZmNtxCbrQhVeOJfWC+Rx4HXOhZrxNVp9DBXEJVRZ3BNIZYzlA3uo/TnWScZm6eM4gw6TNiWbibjeGEYbAIstOT1Ihk3MlcQqgGZ7u/eKXZIeJqyCe1lNwTX5HF+ZXx8Tbxa+s42VCEWu2S7ZFQj7b7Gt5Ob2rbwxzfqPMbQW4oZPllBJAqf7HrekdaFwKnBUQ== eugene_isaev@MacBook-Air-Evgenij.local\n"
            },
            "name": "ci-sockshop-docker-swarm-worker-0",
            "network_acceleration_type": "standard",
            "network_interface": [
              {
                "dns_record": [],
                "index": 0,
                "ip_address": "192.168.10.19",
                "ipv4": true,
                "ipv6": false,
                "ipv6_address": "",
                "ipv6_dns_record": [],
                "mac_address": "d0:0d:a4:c0:e6:49",
                "nat": true,
                "nat_dns_record": [],
                "nat_ip_address": "158.160.46.164",
                "nat_ip_version": "IPV4",
                "security_group_ids": [],
                "subnet_id": "e9b07k88kpvoq72jpos9"
              }
            ],
            "placement_policy": [
              {
                "host_affinity_rules": [],
                "placement_group_id": ""
              }
            ],
            "platform_id": "standard-v1",
            "resources": [
              {
                "core_fraction": 100,
                "cores": 2,
                "gpus": 0,
                "memory": 2
              }
            ],
            "scheduling_policy": [
              {
                "preemptible": false
              }
            ],
            "secondary_disk": [],
            "service_account_id": "",
            "status": "running",
            "timeouts": null,
            "zone": "ru-central1-a"
          },
          "sensitive_attributes": [],
          "private": "eyJlMmJmYjczMC1lY2FhLTExZTYtOGY4OC0zNDM2M2JjN2M0YzAiOnsiY3JlYXRlIjozMDAwMDAwMDAwMDAsImRlbGV0ZSI6MzAwMDAwMDAwMDAwLCJ1cGRhdGUiOjMwMDAwMDAwMDAwMH0sInNjaGVtYV92ZXJzaW9uIjoiMSJ9",
          "dependencies": [
            "module.swarm_cluster.data.yandex_compute_image.my_image",
            "yandex_vpc_network.network",
            "yandex_vpc_subnet.subnet"
          ]
        },
        {
          "index_key": 1,
          "schema_version": 1,
          "attributes": {
            "allow_recreate": null,
            "allow_stopping_for_update": null,
            "boot_disk": [
              {
                "auto_delete": true,
                "device_name": "fhmgu6nlgl275dkir3bh",
                "disk_id": "fhmgu6nlgl275dkir3bh",
                "initialize_params": [
                  {
                    "block_size": 4096,
                    "description": "",
                    "image_id": "fd8k5kam36qhmnojj8je",
                    "name": "",
                    "size": 15,
                    "snapshot_id": "",
                    "type": "network-hdd"
                  }
                ],
                "mode": "READ_WRITE"
              }
            ],
            "created_at": "2022-12-08T10:26:53Z",
            "description": "",
            "folder_id": "b1gfofr9ejtjardiq3j0",
            "fqdn": "worker-1.ru-central1.internal",
            "hostname": "worker-1",
            "id": "fhmn64s652l4rio8d3o0",
            "labels": null,
            "local_disk": [],
            "metadata": {
              "ssh-keys": "ubuntu:ssh-rsa AAAAB3NzaC1yc2EAAAADAQABAAACAQCtf30a/H0pDeblmjuhNLDekmf/1iLKZuQX6q6a/oo5phoqDFrlCNpN76j6ZpJmY1lD0KGTHdd7XNcXyi0cBJHfBMzkw74LQH6bDoUFsxr9oU8vsGZ2wracSQ4sNjO+zmUhDCF6j4Fy8lxPerDSau/ios/M6Zg9ZOrVWBXscsc0g4eZMBTkkl5fEeLeoocLUBQLQd1NDRQHDx3QnQ4GOz/WRCUNf1kp9h9DHQujf1B0uFTaMEYQ6MUtZw4ddxFCzDxmtuRKG2ipvOD7X8YQNsdkXaC5xRhSBtHTaNNmyfKE9/q2g2P0nzX6EOVxUpUKMnpkexR/Js/P3BP556Le/F8yXl8jvTWym1aq9mjXjBQ90VMYYrEFaeOl97hFolqQrW+HGSSay2antC4xUJGWjPbzwsfmkug8tIe5MZYyDy4aJLOaDXN4pI3ksva/KPKxx8dQMnXSCGty5lzTuUjIZLmdQNQwcdOkYnYoneYzGsZ+zZmNtxCbrQhVeOJfWC+Rx4HXOhZrxNVp9DBXEJVRZ3BNIZYzlA3uo/TnWScZm6eM4gw6TNiWbibjeGEYbAIstOT1Ihk3MlcQqgGZ7u/eKXZIeJqyCe1lNwTX5HF+ZXx8Tbxa+s42VCEWu2S7ZFQj7b7Gt5Ob2rbwxzfqPMbQW4oZPllBJAqf7HrekdaFwKnBUQ== eugene_isaev@MacBook-Air-Evgenij.local\n"
            },
            "name": "ci-sockshop-docker-swarm-worker-1",
            "network_acceleration_type": "standard",
            "network_interface": [
              {
                "dns_record": [],
                "index": 0,
                "ip_address": "192.168.10.24",
                "ipv4": true,
                "ipv6": false,
                "ipv6_address": "",
                "ipv6_dns_record": [],
                "mac_address": "d0:0d:17:31:38:62",
                "nat": true,
                "nat_dns_record": [],
                "nat_ip_address": "158.160.43.175",
                "nat_ip_version": "IPV4",
                "security_group_ids": [],
                "subnet_id": "e9b07k88kpvoq72jpos9"
              }
            ],
            "placement_policy": [
              {
                "host_affinity_rules": [],
                "placement_group_id": ""
              }
            ],
            "platform_id": "standard-v1",
            "resources": [
              {
                "core_fraction": 100,
                "cores": 2,
                "gpus": 0,
                "memory": 2
              }
            ],
            "scheduling_policy": [
              {
                "preemptible": false
              }
            ],
            "secondary_disk": [],
            "service_account_id": "",
            "status": "running",
            "timeouts": null,
            "zone": "ru-central1-a"
          },
          "sensitive_attributes": [],
          "private": "eyJlMmJmYjczMC1lY2FhLTExZTYtOGY4OC0zNDM2M2JjN2M0YzAiOnsiY3JlYXRlIjozMDAwMDAwMDAwMDAsImRlbGV0ZSI6MzAwMDAwMDAwMDAwLCJ1cGRhdGUiOjMwMDAwMDAwMDAwMH0sInNjaGVtYV92ZXJzaW9uIjoiMSJ9",
          "dependencies": [
            "module.swarm_cluster.data.yandex_compute_image.my_image",
            "yandex_vpc_network.network",
            "yandex_vpc_subnet.subnet"
          ]
        }
      ]
    }
  ],
  "check_results": null
}
